
Microsoft Visual Studio Solution File, Format Version 12.00
# Visual Studio Version 16
VisualStudioVersion = 16.0.29503.13
MinimumVisualStudioVersion = 10.0.40219.1
Project("{FAE04EC0-301F-11D3-BF4B-00C04F79EFBC}") = "Decorator", "Decorator\Decorator.csproj", "{055D50EB-9903-4E84-9496-1BF494B30319}"
EndProject
Global
	GlobalSection(SolutionConfigurationPlatforms) = preSolution
		Debug|Any CPU = Debug|Any CPU
		Release|Any CPU = Release|Any CPU
	EndGlobalSection
	GlobalSection(ProjectConfigurationPlatforms) = postSolution
		{055D50EB-9903-4E84-9496-1BF494B30319}.Debug|Any CPU.ActiveCfg = Debug|Any CPU
		{055D50EB-9903-4E84-9496-1BF494B30319}.Debug|Any CPU.Build.0 = Debug|Any CPU
		{055D50EB-9903-4E84-9496-1BF494B30319}.Release|Any CPU.ActiveCfg = Release|Any CPU
		{055D50EB-9903-4E84-9496-1BF494B30319}.Release|Any CPU.Build.0 = Release|Any CPU
	EndGlobalSection
	GlobalSection(SolutionProperties) = preSolution
		HideSolutionNode = FALSE
	EndGlobalSection
	GlobalSection(ExtensibilityGlobals) = postSolution
		SolutionGuid = {1C215D9E-31D1-4C93-BA9D-EA5AC0F1665F}
	EndGlobalSection
EndGlobal
