
Microsoft Visual Studio Solution File, Format Version 12.00
# Visual Studio Version 16
VisualStudioVersion = 16.0.29503.13
MinimumVisualStudioVersion = 10.0.40219.1
Project("{FAE04EC0-301F-11D3-BF4B-00C04F79EFBC}") = "Bridges", "Bridges\Bridges.csproj", "{C6F76A25-F956-4C10-BA0A-AA78BCBE39A0}"
EndProject
Global
	GlobalSection(SolutionConfigurationPlatforms) = preSolution
		Debug|Any CPU = Debug|Any CPU
		Release|Any CPU = Release|Any CPU
	EndGlobalSection
	GlobalSection(ProjectConfigurationPlatforms) = postSolution
		{C6F76A25-F956-4C10-BA0A-AA78BCBE39A0}.Debug|Any CPU.ActiveCfg = Debug|Any CPU
		{C6F76A25-F956-4C10-BA0A-AA78BCBE39A0}.Debug|Any CPU.Build.0 = Debug|Any CPU
		{C6F76A25-F956-4C10-BA0A-AA78BCBE39A0}.Release|Any CPU.ActiveCfg = Release|Any CPU
		{C6F76A25-F956-4C10-BA0A-AA78BCBE39A0}.Release|Any CPU.Build.0 = Release|Any CPU
	EndGlobalSection
	GlobalSection(SolutionProperties) = preSolution
		HideSolutionNode = FALSE
	EndGlobalSection
	GlobalSection(ExtensibilityGlobals) = postSolution
		SolutionGuid = {E4C79420-6533-4D0D-9194-869DF3D9C8F3}
	EndGlobalSection
EndGlobal
