
Microsoft Visual Studio Solution File, Format Version 12.00
# Visual Studio Version 16
VisualStudioVersion = 16.0.29503.13
MinimumVisualStudioVersion = 10.0.40219.1
Project("{FAE04EC0-301F-11D3-BF4B-00C04F79EFBC}") = "Composite", "Composite\Composite.csproj", "{AAA9FBEA-5FF6-46F3-A8B6-B20B7265CB5B}"
EndProject
Global
	GlobalSection(SolutionConfigurationPlatforms) = preSolution
		Debug|Any CPU = Debug|Any CPU
		Release|Any CPU = Release|Any CPU
	EndGlobalSection
	GlobalSection(ProjectConfigurationPlatforms) = postSolution
		{AAA9FBEA-5FF6-46F3-A8B6-B20B7265CB5B}.Debug|Any CPU.ActiveCfg = Debug|Any CPU
		{AAA9FBEA-5FF6-46F3-A8B6-B20B7265CB5B}.Debug|Any CPU.Build.0 = Debug|Any CPU
		{AAA9FBEA-5FF6-46F3-A8B6-B20B7265CB5B}.Release|Any CPU.ActiveCfg = Release|Any CPU
		{AAA9FBEA-5FF6-46F3-A8B6-B20B7265CB5B}.Release|Any CPU.Build.0 = Release|Any CPU
	EndGlobalSection
	GlobalSection(SolutionProperties) = preSolution
		HideSolutionNode = FALSE
	EndGlobalSection
	GlobalSection(ExtensibilityGlobals) = postSolution
		SolutionGuid = {DFF88265-B186-49CA-BB74-C1D39FF2CEB4}
	EndGlobalSection
EndGlobal
