
Microsoft Visual Studio Solution File, Format Version 12.00
# Visual Studio Version 16
VisualStudioVersion = 16.0.29503.13
MinimumVisualStudioVersion = 10.0.40219.1
Project("{FAE04EC0-301F-11D3-BF4B-00C04F79EFBC}") = "Adapter", "Adapter\Adapter.csproj", "{CBAAD478-C07A-44F7-99C8-82CCAFA68FAF}"
EndProject
Global
	GlobalSection(SolutionConfigurationPlatforms) = preSolution
		Debug|Any CPU = Debug|Any CPU
		Release|Any CPU = Release|Any CPU
	EndGlobalSection
	GlobalSection(ProjectConfigurationPlatforms) = postSolution
		{CBAAD478-C07A-44F7-99C8-82CCAFA68FAF}.Debug|Any CPU.ActiveCfg = Debug|Any CPU
		{CBAAD478-C07A-44F7-99C8-82CCAFA68FAF}.Debug|Any CPU.Build.0 = Debug|Any CPU
		{CBAAD478-C07A-44F7-99C8-82CCAFA68FAF}.Release|Any CPU.ActiveCfg = Release|Any CPU
		{CBAAD478-C07A-44F7-99C8-82CCAFA68FAF}.Release|Any CPU.Build.0 = Release|Any CPU
	EndGlobalSection
	GlobalSection(SolutionProperties) = preSolution
		HideSolutionNode = FALSE
	EndGlobalSection
	GlobalSection(ExtensibilityGlobals) = postSolution
		SolutionGuid = {9B55C096-91E8-4741-939A-34C36C9EBD11}
	EndGlobalSection
EndGlobal
